
Microsoft Visual Studio Solution File, Format Version 12.00
# Visual Studio Version 17
VisualStudioVersion = 17.4.33103.184
MinimumVisualStudioVersion = 10.0.40219.1
Project("{9A19103F-16F7-4668-BE54-9A1E7A4F7556}") = "SoftTouch", "sources\SoftTouch\SoftTouch.csproj", "{8EF98C10-0D89-477B-8050-35A575FFDA90}"
EndProject
Project("{9A19103F-16F7-4668-BE54-9A1E7A4F7556}") = "SoftTouch.Assets", "sources\SoftTouch.Assets\SoftTouch.Assets.csproj", "{8E320F70-1704-441D-B6D3-56E800E9D786}"
EndProject
Project("{9A19103F-16F7-4668-BE54-9A1E7A4F7556}") = "SoftTouch.AssetsCompiler", "sources\SoftTouch.AssetsCompiler\SoftTouch.AssetsCompiler.csproj", "{40605AE2-AA1D-4DF9-9CF8-47E7D73E6C88}"
EndProject
Project("{9A19103F-16F7-4668-BE54-9A1E7A4F7556}") = "SoftTouch.ECS", "sources\SoftTouch.ECS\sources\SoftTouch.ECS\SoftTouch.ECS.csproj", "{FEC6E776-C48A-46F8-961C-65B429F9CB26}"
EndProject
Project("{9A19103F-16F7-4668-BE54-9A1E7A4F7556}") = "SoftTouch.Games", "sources\SoftTouch.Games\SoftTouch.Games.csproj", "{29EF09C8-639B-4128-B9D9-20B1C9D9B2BB}"
EndProject
Project("{9A19103F-16F7-4668-BE54-9A1E7A4F7556}") = "SoftTouch.Graphics", "sources\SoftTouch.Graphics\SoftTouch.Graphics.csproj", "{6572E6C9-6FA9-429F-A7B1-76D3A0790A73}"
EndProject
Project("{9A19103F-16F7-4668-BE54-9A1E7A4F7556}") = "SoftTouch.Rendering", "sources\SoftTouch.Rendering\SoftTouch.Rendering.csproj", "{4E6B8500-24A3-421D-9A06-8A106B5EE897}"
EndProject
Project("{9A19103F-16F7-4668-BE54-9A1E7A4F7556}") = "SoftTouch.Benchmarks", "sources\SoftTouch.Benchmarks\SoftTouch.Benchmarks.csproj", "{CAF9F8BC-B8B7-478A-BB71-81E502184A75}"
EndProject
Project("{2150E333-8FDC-42A3-9474-1A3956D46DE8}") = "Props", "Props", "{5A51767F-F3AD-45AE-AF13-174081ADA760}"
	ProjectSection(SolutionItems) = preProject
		sources\Directory.Build.props = sources\Directory.Build.props
	EndProjectSection
EndProject
Project("{9A19103F-16F7-4668-BE54-9A1E7A4F7556}") = "SoftTouch.ECS.Benchmark", "sources\SoftTouch.ECS\sources\SoftTouch.ECS.Benchmark\SoftTouch.ECS.Benchmark.csproj", "{6FB5ACAE-12DB-4B25-84CF-1F144598FB1F}"
EndProject
Project("{9A19103F-16F7-4668-BE54-9A1E7A4F7556}") = "SoftTouch.ECS.Shared", "sources\SoftTouch.ECS\sources\SoftTouch.ECS.Shared\SoftTouch.ECS.Shared.csproj", "{775BBF30-A24B-410B-BCDB-0988A4B3D9BC}"
EndProject
Project("{2150E333-8FDC-42A3-9474-1A3956D46DE8}") = "ECS", "ECS", "{88509F0A-48A7-4F0D-840E-96A33E94BD0A}"
	ProjectSection(SolutionItems) = preProject
		sources\SoftTouch.ECS\ReadME.md = sources\SoftTouch.ECS\ReadME.md
	EndProjectSection
EndProject
Project("{6EC3EE1D-3C4E-46DD-8F32-0CC8E7565705}") = "SoftTouch.ECS.FSharp", "sources\SoftTouch.ECS\sources\SoftTouch.ECS.FSharp\SoftTouch.ECS.FSharp.fsproj", "{0AA970B7-F83E-4114-B82C-27CFB8F3AC36}"
EndProject
Project("{6EC3EE1D-3C4E-46DD-8F32-0CC8E7565705}") = "SoftTouch.ECS.FSharp.Example", "sources\SoftTouch.ECS\sources\SoftTouch.ECS.FSharp.Example\SoftTouch.ECS.FSharp.Example.fsproj", "{3EE32958-A12F-403B-854F-A476DCBAB968}"
EndProject
Project("{2150E333-8FDC-42A3-9474-1A3956D46DE8}") = "ReadMe", "ReadMe", "{AC5BE850-7160-4401-85BF-C31E63AF415C}"
	ProjectSection(SolutionItems) = preProject
		README.md = README.md
	EndProjectSection
EndProject
Project("{2150E333-8FDC-42A3-9474-1A3956D46DE8}") = "Generators", "Generators", "{FCF11E1D-FCBC-4874-BBFF-E668DD31E87C}"
EndProject
Project("{9A19103F-16F7-4668-BE54-9A1E7A4F7556}") = "SoftTouch.Assets.Generators.SerializationGathering", "sources\SoftTouch.Assets.Generators.Serialization\SoftTouch.Assets.Generators.SerializationGathering.csproj", "{07C4BE86-C1B5-4DB7-91CA-F647B8E5B5A7}"
EndProject
Project("{2150E333-8FDC-42A3-9474-1A3956D46DE8}") = "Assets", "Assets", "{8434D9D9-C4C3-4D91-9C41-D10B21C4EB7D}"
EndProject
Project("{2150E333-8FDC-42A3-9474-1A3956D46DE8}") = "Graphics", "Graphics", "{879B3DF3-2DB6-4BC2-BB0D-2685815D6E43}"
EndProject
Project("{9A19103F-16F7-4668-BE54-9A1E7A4F7556}") = "SoftTouch.Graphics.Tests", "sources\SoftTouch.Graphics.Tests\SoftTouch.Graphics.Tests.csproj", "{D21A0645-08A6-4AA4-B406-2494060A267A}"
EndProject
Project("{2150E333-8FDC-42A3-9474-1A3956D46DE8}") = "Core", "Core", "{852D390F-57FC-4F3B-8B5A-63DCAB23E372}"
EndProject
Project("{9A19103F-16F7-4668-BE54-9A1E7A4F7556}") = "SoftTouch.Core.Serialization", "sources\SoftTouch.Core.Serialization\SoftTouch.Core.Serialization.csproj", "{74FB512D-8BB1-44E7-A1CF-B06B4DB5AD30}"
EndProject
Project("{FAE04EC0-301F-11D3-BF4B-00C04F79EFBC}") = "SoftTouch.Core.Assets", "sources\SoftTouch.Core.Assets\SoftTouch.Core.Assets.csproj", "{DCC48BAB-07F7-4F91-97D9-0D22767712F8}"
EndProject
Project("{FAE04EC0-301F-11D3-BF4B-00C04F79EFBC}") = "SoftTouch.ECS.ProcessorGenerators", "sources\SoftTouch.ECS\sources\SoftTouch.ECS.ProcessorGenerators\SoftTouch.ECS.ProcessorGenerators.csproj", "{6CCB1702-09B0-4267-83A8-76D4E0E42BF4}"
EndProject
Global
	GlobalSection(SolutionConfigurationPlatforms) = preSolution
		Debug|Any CPU = Debug|Any CPU
		Release|Any CPU = Release|Any CPU
	EndGlobalSection
	GlobalSection(ProjectConfigurationPlatforms) = postSolution
		{8EF98C10-0D89-477B-8050-35A575FFDA90}.Debug|Any CPU.ActiveCfg = Debug|Any CPU
		{8EF98C10-0D89-477B-8050-35A575FFDA90}.Debug|Any CPU.Build.0 = Debug|Any CPU
		{8EF98C10-0D89-477B-8050-35A575FFDA90}.Release|Any CPU.ActiveCfg = Release|Any CPU
		{8EF98C10-0D89-477B-8050-35A575FFDA90}.Release|Any CPU.Build.0 = Release|Any CPU
		{8E320F70-1704-441D-B6D3-56E800E9D786}.Debug|Any CPU.ActiveCfg = Debug|Any CPU
		{8E320F70-1704-441D-B6D3-56E800E9D786}.Debug|Any CPU.Build.0 = Debug|Any CPU
		{8E320F70-1704-441D-B6D3-56E800E9D786}.Release|Any CPU.ActiveCfg = Release|Any CPU
		{8E320F70-1704-441D-B6D3-56E800E9D786}.Release|Any CPU.Build.0 = Release|Any CPU
		{40605AE2-AA1D-4DF9-9CF8-47E7D73E6C88}.Debug|Any CPU.ActiveCfg = Debug|Any CPU
		{40605AE2-AA1D-4DF9-9CF8-47E7D73E6C88}.Debug|Any CPU.Build.0 = Debug|Any CPU
		{40605AE2-AA1D-4DF9-9CF8-47E7D73E6C88}.Release|Any CPU.ActiveCfg = Release|Any CPU
		{40605AE2-AA1D-4DF9-9CF8-47E7D73E6C88}.Release|Any CPU.Build.0 = Release|Any CPU
		{FEC6E776-C48A-46F8-961C-65B429F9CB26}.Debug|Any CPU.ActiveCfg = Debug|Any CPU
		{FEC6E776-C48A-46F8-961C-65B429F9CB26}.Debug|Any CPU.Build.0 = Debug|Any CPU
		{FEC6E776-C48A-46F8-961C-65B429F9CB26}.Release|Any CPU.ActiveCfg = Release|Any CPU
		{FEC6E776-C48A-46F8-961C-65B429F9CB26}.Release|Any CPU.Build.0 = Release|Any CPU
		{29EF09C8-639B-4128-B9D9-20B1C9D9B2BB}.Debug|Any CPU.ActiveCfg = Debug|Any CPU
		{29EF09C8-639B-4128-B9D9-20B1C9D9B2BB}.Debug|Any CPU.Build.0 = Debug|Any CPU
		{29EF09C8-639B-4128-B9D9-20B1C9D9B2BB}.Release|Any CPU.ActiveCfg = Release|Any CPU
		{29EF09C8-639B-4128-B9D9-20B1C9D9B2BB}.Release|Any CPU.Build.0 = Release|Any CPU
		{6572E6C9-6FA9-429F-A7B1-76D3A0790A73}.Debug|Any CPU.ActiveCfg = Debug|Any CPU
		{6572E6C9-6FA9-429F-A7B1-76D3A0790A73}.Debug|Any CPU.Build.0 = Debug|Any CPU
		{6572E6C9-6FA9-429F-A7B1-76D3A0790A73}.Release|Any CPU.ActiveCfg = Release|Any CPU
		{6572E6C9-6FA9-429F-A7B1-76D3A0790A73}.Release|Any CPU.Build.0 = Release|Any CPU
		{4E6B8500-24A3-421D-9A06-8A106B5EE897}.Debug|Any CPU.ActiveCfg = Debug|Any CPU
		{4E6B8500-24A3-421D-9A06-8A106B5EE897}.Debug|Any CPU.Build.0 = Debug|Any CPU
		{4E6B8500-24A3-421D-9A06-8A106B5EE897}.Release|Any CPU.ActiveCfg = Release|Any CPU
		{4E6B8500-24A3-421D-9A06-8A106B5EE897}.Release|Any CPU.Build.0 = Release|Any CPU
		{CAF9F8BC-B8B7-478A-BB71-81E502184A75}.Debug|Any CPU.ActiveCfg = Debug|Any CPU
		{CAF9F8BC-B8B7-478A-BB71-81E502184A75}.Debug|Any CPU.Build.0 = Debug|Any CPU
		{CAF9F8BC-B8B7-478A-BB71-81E502184A75}.Release|Any CPU.ActiveCfg = Release|Any CPU
		{CAF9F8BC-B8B7-478A-BB71-81E502184A75}.Release|Any CPU.Build.0 = Release|Any CPU
		{6FB5ACAE-12DB-4B25-84CF-1F144598FB1F}.Debug|Any CPU.ActiveCfg = Debug|Any CPU
		{6FB5ACAE-12DB-4B25-84CF-1F144598FB1F}.Debug|Any CPU.Build.0 = Debug|Any CPU
		{6FB5ACAE-12DB-4B25-84CF-1F144598FB1F}.Release|Any CPU.ActiveCfg = Release|Any CPU
		{6FB5ACAE-12DB-4B25-84CF-1F144598FB1F}.Release|Any CPU.Build.0 = Release|Any CPU
		{775BBF30-A24B-410B-BCDB-0988A4B3D9BC}.Debug|Any CPU.ActiveCfg = Debug|Any CPU
		{775BBF30-A24B-410B-BCDB-0988A4B3D9BC}.Debug|Any CPU.Build.0 = Debug|Any CPU
		{775BBF30-A24B-410B-BCDB-0988A4B3D9BC}.Release|Any CPU.ActiveCfg = Release|Any CPU
		{775BBF30-A24B-410B-BCDB-0988A4B3D9BC}.Release|Any CPU.Build.0 = Release|Any CPU
		{0AA970B7-F83E-4114-B82C-27CFB8F3AC36}.Debug|Any CPU.ActiveCfg = Debug|Any CPU
		{0AA970B7-F83E-4114-B82C-27CFB8F3AC36}.Debug|Any CPU.Build.0 = Debug|Any CPU
		{0AA970B7-F83E-4114-B82C-27CFB8F3AC36}.Release|Any CPU.ActiveCfg = Release|Any CPU
		{0AA970B7-F83E-4114-B82C-27CFB8F3AC36}.Release|Any CPU.Build.0 = Release|Any CPU
		{3EE32958-A12F-403B-854F-A476DCBAB968}.Debug|Any CPU.ActiveCfg = Debug|Any CPU
		{3EE32958-A12F-403B-854F-A476DCBAB968}.Debug|Any CPU.Build.0 = Debug|Any CPU
		{3EE32958-A12F-403B-854F-A476DCBAB968}.Release|Any CPU.ActiveCfg = Release|Any CPU
		{3EE32958-A12F-403B-854F-A476DCBAB968}.Release|Any CPU.Build.0 = Release|Any CPU
		{07C4BE86-C1B5-4DB7-91CA-F647B8E5B5A7}.Debug|Any CPU.ActiveCfg = Debug|Any CPU
		{07C4BE86-C1B5-4DB7-91CA-F647B8E5B5A7}.Debug|Any CPU.Build.0 = Debug|Any CPU
		{07C4BE86-C1B5-4DB7-91CA-F647B8E5B5A7}.Release|Any CPU.ActiveCfg = Release|Any CPU
		{07C4BE86-C1B5-4DB7-91CA-F647B8E5B5A7}.Release|Any CPU.Build.0 = Release|Any CPU
		{D21A0645-08A6-4AA4-B406-2494060A267A}.Debug|Any CPU.ActiveCfg = Debug|Any CPU
		{D21A0645-08A6-4AA4-B406-2494060A267A}.Debug|Any CPU.Build.0 = Debug|Any CPU
		{D21A0645-08A6-4AA4-B406-2494060A267A}.Release|Any CPU.ActiveCfg = Release|Any CPU
		{D21A0645-08A6-4AA4-B406-2494060A267A}.Release|Any CPU.Build.0 = Release|Any CPU
		{74FB512D-8BB1-44E7-A1CF-B06B4DB5AD30}.Debug|Any CPU.ActiveCfg = Debug|Any CPU
		{74FB512D-8BB1-44E7-A1CF-B06B4DB5AD30}.Debug|Any CPU.Build.0 = Debug|Any CPU
		{74FB512D-8BB1-44E7-A1CF-B06B4DB5AD30}.Release|Any CPU.ActiveCfg = Release|Any CPU
		{74FB512D-8BB1-44E7-A1CF-B06B4DB5AD30}.Release|Any CPU.Build.0 = Release|Any CPU
		{DCC48BAB-07F7-4F91-97D9-0D22767712F8}.Debug|Any CPU.ActiveCfg = Debug|Any CPU
		{DCC48BAB-07F7-4F91-97D9-0D22767712F8}.Debug|Any CPU.Build.0 = Debug|Any CPU
		{DCC48BAB-07F7-4F91-97D9-0D22767712F8}.Release|Any CPU.ActiveCfg = Release|Any CPU
		{DCC48BAB-07F7-4F91-97D9-0D22767712F8}.Release|Any CPU.Build.0 = Release|Any CPU
		{6CCB1702-09B0-4267-83A8-76D4E0E42BF4}.Debug|Any CPU.ActiveCfg = Debug|Any CPU
		{6CCB1702-09B0-4267-83A8-76D4E0E42BF4}.Debug|Any CPU.Build.0 = Debug|Any CPU
		{6CCB1702-09B0-4267-83A8-76D4E0E42BF4}.Release|Any CPU.ActiveCfg = Release|Any CPU
		{6CCB1702-09B0-4267-83A8-76D4E0E42BF4}.Release|Any CPU.Build.0 = Release|Any CPU
	EndGlobalSection
	GlobalSection(SolutionProperties) = preSolution
		HideSolutionNode = FALSE
	EndGlobalSection
	GlobalSection(NestedProjects) = preSolution
		{8E320F70-1704-441D-B6D3-56E800E9D786} = {8434D9D9-C4C3-4D91-9C41-D10B21C4EB7D}
		{40605AE2-AA1D-4DF9-9CF8-47E7D73E6C88} = {8434D9D9-C4C3-4D91-9C41-D10B21C4EB7D}
		{FEC6E776-C48A-46F8-961C-65B429F9CB26} = {88509F0A-48A7-4F0D-840E-96A33E94BD0A}
		{6572E6C9-6FA9-429F-A7B1-76D3A0790A73} = {879B3DF3-2DB6-4BC2-BB0D-2685815D6E43}
		{4E6B8500-24A3-421D-9A06-8A106B5EE897} = {879B3DF3-2DB6-4BC2-BB0D-2685815D6E43}
		{6FB5ACAE-12DB-4B25-84CF-1F144598FB1F} = {88509F0A-48A7-4F0D-840E-96A33E94BD0A}
		{775BBF30-A24B-410B-BCDB-0988A4B3D9BC} = {88509F0A-48A7-4F0D-840E-96A33E94BD0A}
		{0AA970B7-F83E-4114-B82C-27CFB8F3AC36} = {88509F0A-48A7-4F0D-840E-96A33E94BD0A}
		{3EE32958-A12F-403B-854F-A476DCBAB968} = {88509F0A-48A7-4F0D-840E-96A33E94BD0A}
		{07C4BE86-C1B5-4DB7-91CA-F647B8E5B5A7} = {FCF11E1D-FCBC-4874-BBFF-E668DD31E87C}
		{D21A0645-08A6-4AA4-B406-2494060A267A} = {879B3DF3-2DB6-4BC2-BB0D-2685815D6E43}
		{74FB512D-8BB1-44E7-A1CF-B06B4DB5AD30} = {852D390F-57FC-4F3B-8B5A-63DCAB23E372}
		{DCC48BAB-07F7-4F91-97D9-0D22767712F8} = {852D390F-57FC-4F3B-8B5A-63DCAB23E372}
		{6CCB1702-09B0-4267-83A8-76D4E0E42BF4} = {88509F0A-48A7-4F0D-840E-96A33E94BD0A}
	EndGlobalSection
	GlobalSection(ExtensibilityGlobals) = postSolution
		SolutionGuid = {FA9E1AA0-378D-4B3C-9736-267A3B5A757E}
	EndGlobalSection
EndGlobal
